// !$*UTF8*$!
{
	archiveVersion = 1;
	classes = {
	};
	objectVersion = 46;
	objects = {

/* Begin PBXBuildFile section */
		841664BB1CD2E5FD00F73380 /* AppDelegate.swift in Sources */ = {isa = PBXBuildFile; fileRef = 841664BA1CD2E5FD00F73380 /* AppDelegate.swift */; };
		841664BD1CD2E5FD00F73380 /* ViewController.swift in Sources */ = {isa = PBXBuildFile; fileRef = 841664BC1CD2E5FD00F73380 /* ViewController.swift */; };
		841664C01CD2E5FD00F73380 /* Main.storyboard in Resources */ = {isa = PBXBuildFile; fileRef = 841664BE1CD2E5FD00F73380 /* Main.storyboard */; };
		841664C21CD2E5FD00F73380 /* Assets.xcassets in Resources */ = {isa = PBXBuildFile; fileRef = 841664C11CD2E5FD00F73380 /* Assets.xcassets */; };
		841664C51CD2E5FD00F73380 /* LaunchScreen.storyboard in Resources */ = {isa = PBXBuildFile; fileRef = 841664C31CD2E5FD00F73380 /* LaunchScreen.storyboard */; };
/* End PBXBuildFile section */

/* Begin PBXFileReference section */
		841664B71CD2E5FD00F73380 /* Footprint.app */ = {isa = PBXFileReference; explicitFileType = wrapper.application; includeInIndex = 0; path = Footprint.app; sourceTree = BUILT_PRODUCTS_DIR; };
		841664BA1CD2E5FD00F73380 /* AppDelegate.swift */ = {isa = PBXFileReference; lastKnownFileType = sourcecode.swift; path = AppDelegate.swift; sourceTree = "<group>"; };
		841664BC1CD2E5FD00F73380 /* ViewController.swift */ = {isa = PBXFileReference; lastKnownFileType = sourcecode.swift; path = ViewController.swift; sourceTree = "<group>"; };
		841664BF1CD2E5FD00F73380 /* Base */ = {isa = PBXFileReference; lastKnownFileType = file.storyboard; name = Base; path = Base.lproj/Main.storyboard; sourceTree = "<group>"; };
		841664C11CD2E5FD00F73380 /* Assets.xcassets */ = {isa = PBXFileReference; lastKnownFileType = folder.assetcatalog; path = Assets.xcassets; sourceTree = "<group>"; };
		841664C41CD2E5FD00F73380 /* Base */ = {isa = PBXFileReference; lastKnownFileType = file.storyboard; name = Base; path = Base.lproj/LaunchScreen.storyboard; sourceTree = "<group>"; };
		841664C61CD2E5FD00F73380 /* Info.plist */ = {isa = PBXFileReference; lastKnownFileType = text.plist.xml; path = Info.plist; sourceTree = "<group>"; };
/* End PBXFileReference section */

/* Begin PBXFrameworksBuildPhase section */
		841664B41CD2E5FD00F73380 /* Frameworks */ = {
			isa = PBXFrameworksBuildPhase;
			buildActionMask = 2147483647;
			files = (
			);
			runOnlyForDeploymentPostprocessing = 0;
		};
/* End PBXFrameworksBuildPhase section */

/* Begin PBXGroup section */
		841664AE1CD2E5FD00F73380 = {
			isa = PBXGroup;
			children = (
				841664B91CD2E5FD00F73380 /* Footprint */,
				841664B81CD2E5FD00F73380 /* Products */,
			);
			sourceTree = "<group>";
		};
		841664B81CD2E5FD00F73380 /* Products */ = {
			isa = PBXGroup;
			children = (
				841664B71CD2E5FD00F73380 /* Footprint.app */,
			);
			name = Products;
			sourceTree = "<group>";
		};
		841664B91CD2E5FD00F73380 /* Footprint */ = {
			isa = PBXGroup;
			children = (
				841664BA1CD2E5FD00F73380 /* AppDelegate.swift */,
				841664BC1CD2E5FD00F73380 /* ViewController.swift */,
				841664BE1CD2E5FD00F73380 /* Main.storyboard */,
				841664C11CD2E5FD00F73380 /* Assets.xcassets */,
				841664C31CD2E5FD00F73380 /* LaunchScreen.storyboard */,
				841664C61CD2E5FD00F73380 /* Info.plist */,
			);
			path = Footprint;
			sourceTree = "<group>";
		};
/* End PBXGroup section */

/* Begin PBXNativeTarget section */
		841664B61CD2E5FD00F73380 /* Footprint */ = {
			isa = PBXNativeTarget;
			buildConfigurationList = 841664C91CD2E5FD00F73380 /* Build configuration list for PBXNativeTarget "Footprint" */;
			buildPhases = (
				841664B31CD2E5FD00F73380 /* Sources */,
				841664B41CD2E5FD00F73380 /* Frameworks */,
				841664B51CD2E5FD00F73380 /* Resources */,
			);
			buildRules = (
			);
			dependencies = (
			);
			name = Footprint;
			productName = Footprint;
			productReference = 841664B71CD2E5FD00F73380 /* Footprint.app */;
			productType = "com.apple.product-type.application";
		};
/* End PBXNativeTarget section */

/* Begin PBXProject section */
		841664AF1CD2E5FD00F73380 /* Project object */ = {
			isa = PBXProject;
			attributes = {
				LastSwiftUpdateCheck = 0730;
				LastUpgradeCheck = 0730;
				ORGANIZATIONNAME = "Atir Petkar";
				TargetAttributes = {
					841664B61CD2E5FD00F73380 = {
						CreatedOnToolsVersion = 7.3;
					};
				};
			};
			buildConfigurationList = 841664B21CD2E5FD00F73380 /* Build configuration list for PBXProject "Footprint" */;
			compatibilityVersion = "Xcode 3.2";
			developmentRegion = English;
			hasScannedForEncodings = 0;
			knownRegions = (
				en,
				Base,
			);
			mainGroup = 841664AE1CD2E5FD00F73380;
			productRefGroup = 841664B81CD2E5FD00F73380 /* Products */;
			projectDirPath = "";
			projectRoot = "";
			targets = (
				841664B61CD2E5FD00F73380 /* Footprint */,
			);
		};
/* End PBXProject section */

/* Begin PBXResourcesBuildPhase section */
		841664B51CD2E5FD00F73380 /* Resources */ = {
			isa = PBXResourcesBuildPhase;
			buildActionMask = 2147483647;
			files = (
				841664C51CD2E5FD00F73380 /* LaunchScreen.storyboard in Resources */,
				841664C21CD2E5FD00F73380 /* Assets.xcassets in Resources */,
				841664C01CD2E5FD00F73380 /* Main.storyboard in Resources */,
			);
			runOnlyForDeploymentPostprocessing = 0;
		};
/* End PBXResourcesBuildPhase section */

/* Begin PBXSourcesBuildPhase section */
		841664B31CD2E5FD00F73380 /* Sources */ = {
			isa = PBXSourcesBuildPhase;
			buildActionMask = 2147483647;
			files = (
				841664BD1CD2E5FD00F73380 /* ViewController.swift in Sources */,
				841664BB1CD2E5FD00F73380 /* AppDelegate.swift in Sources */,
			);
			runOnlyForDeploymentPostprocessing = 0;
		};
/* End PBXSourcesBuildPhase section */

/* Begin PBXVariantGroup section */
		841664BE1CD2E5FD00F73380 /* Main.storyboard */ = {
			isa = PBXVariantGroup;
			children = (
				841664BF1CD2E5FD00F73380 /* Base */,
			);
			name = Main.storyboard;
			sourceTree = "<group>";
		};
		841664C31CD2E5FD00F73380 /* LaunchScreen.storyboard */ = {
			isa = PBXVariantGroup;
			children = (
				841664C41CD2E5FD00F73380 /* Base */,
			);
			name = LaunchScreen.storyboard;
			sourceTree = "<group>";
		};
/* End PBXVariantGroup section */

/* Begin XCBuildConfiguration section */
		841664C71CD2E5FD00F73380 /* Debug */ = {
			isa = XCBuildConfiguration;
			buildSettings = {
				ALWAYS_SEARCH_USER_PATHS = NO;
				CLANG_ANALYZER_NONNULL = YES;
				CLANG_CXX_LANGUAGE_STANDARD = "gnu++0x";
				CLANG_CXX_LIBRARY = "libc++";
				CLANG_ENABLE_MODULES = YES;
				CLANG_ENABLE_OBJC_ARC = YES;
				CLANG_WARN_BOOL_CONVERSION = YES;
				CLANG_WARN_CONSTANT_CONVERSION = YES;
				CLANG_WARN_DIRECT_OBJC_ISA_USAGE = YES_ERROR;
				CLANG_WARN_EMPTY_BODY = YES;
				CLANG_WARN_ENUM_CONVERSION = YES;
				CLANG_WARN_INT_CONVERSION = YES;
				CLANG_WARN_OBJC_ROOT_CLASS = YES_ERROR;
				CLANG_WARN_UNREACHABLE_CODE = YES;
				CLANG_WARN__DUPLICATE_METHOD_MATCH = YES;
				"CODE_SIGN_IDENTITY[sdk=iphoneos*]" = "iPhone Developer";
				COPY_PHASE_STRIP = NO;
				DEBUG_INFORMATION_FORMAT = dwarf;
				ENABLE_STRICT_OBJC_MSGSEND = YES;
				ENABLE_TESTABILITY = YES;
				GCC_C_LANGUAGE_STANDARD = gnu99;
				GCC_DYNAMIC_NO_PIC = NO;
				GCC_NO_COMMON_BLOCKS = YES;
				GCC_OPTIMIZATION_LEVEL = 0;
				GCC_PREPROCESSOR_DEFINITIONS = (
					"DEBUG=1",
					"$(inherited)",
				);
				GCC_WARN_64_TO_32_BIT_CONVERSION = YES;
				GCC_WARN_ABOUT_RETURN_TYPE = YES_ERROR;
				GCC_WARN_UNDECLARED_SELECTOR = YES;
				GCC_WARN_UNINITIALIZED_AUTOS = YES_AGGRESSIVE;
				GCC_WARN_UNUSED_FUNCTION = YES;
				GCC_WARN_UNUSED_VARIABLE = YES;
				IPHONEOS_DEPLOYMENT_TARGET = 9.3;
				MTL_ENABLE_DEBUG_INFO = YES;
				ONLY_ACTIVE_ARCH = YES;
				SDKROOT = iphoneos;
				SWIFT_OPTIMIZATION_LEVEL = "-Onone";
			};
			name = Debug;
		};
		841664C81CD2E5FD00F73380 /* Release */ = {
			isa = XCBuildConfiguration;
			buildSettings = {
				ALWAYS_SEARCH_USER_PATHS = NO;
				CLANG_ANALYZER_NONNULL = YES;
				CLANG_CXX_LANGUAGE_STANDARD = "gnu++0x";
				CLANG_CXX_LIBRARY = "libc++";
				CLANG_ENABLE_MODULES = YES;
				CLANG_ENABLE_OBJC_ARC = YES;
				CLANG_WARN_BOOL_CONVERSION = YES;
				CLANG_WARN_CONSTANT_CONVERSION = YES;
				CLANG_WARN_DIRECT_OBJC_ISA_USAGE = YES_ERROR;
				CLANG_WARN_EMPTY_BODY = YES;
				CLANG_WARN_ENUM_CONVERSION = YES;
				CLANG_WARN_INT_CONVERSION = YES;
				CLANG_WARN_OBJC_ROOT_CLASS = YES_ERROR;
				CLANG_WARN_UNREACHABLE_CODE = YES;
				CLANG_WARN__DUPLICATE_METHOD_MATCH = YES;
				"CODE_SIGN_IDENTITY[sdk=iphoneos*]" = "iPhone Developer";
				COPY_PHASE_STRIP = NO;
				DEBUG_INFORMATION_FORMAT = "dwarf-with-dsym";
				ENABLE_NS_ASSERTIONS = NO;
				ENABLE_STRICT_OBJC_MSGSEND = YES;
				GCC_C_LANGUAGE_STANDARD = gnu99;
				GCC_NO_COMMON_BLOCKS = YES;
				GCC_WARN_64_TO_32_BIT_CONVERSION = YES;
				GCC_WARN_ABOUT_RETURN_TYPE = YES_ERROR;
				GCC_WARN_UNDECLARED_SELECTOR = YES;
				GCC_WARN_UNINITIALIZED_AUTOS = YES_AGGRESSIVE;
				GCC_WARN_UNUSED_FUNCTION = YES;
				GCC_WARN_UNUSED_VARIABLE = YES;
				IPHONEOS_DEPLOYMENT_TARGET = 9.3;
				MTL_ENABLE_DEBUG_INFO = NO;
				SDKROOT = iphoneos;
				VALIDATE_PRODUCT = YES;
			};
			name = Release;
		};
		841664CA1CD2E5FD00F73380 /* Debug */ = {
			isa = XCBuildConfiguration;
			buildSettings = {
				ASSETCATALOG_COMPILER_APPICON_NAME = AppIcon;
				INFOPLIST_FILE = Footprint/Info.plist;
				LD_RUNPATH_SEARCH_PATHS = "$(inherited) @executable_path/Frameworks";
				PRODUCT_BUNDLE_IDENTIFIER = petkaratir.Footprint;
				PRODUCT_NAME = "$(TARGET_NAME)";
			};
			name = Debug;
		};
		841664CB1CD2E5FD00F73380 /* Release */ = {
			isa = XCBuildConfiguration;
			buildSettings = {
				ASSETCATALOG_COMPILER_APPICON_NAME = AppIcon;
				INFOPLIST_FILE = Footprint/Info.plist;
				LD_RUNPATH_SEARCH_PATHS = "$(inherited) @executable_path/Frameworks";
				PRODUCT_BUNDLE_IDENTIFIER = petkaratir.Footprint;
				PRODUCT_NAME = "$(TARGET_NAME)";
			};
			name = Release;
		};
/* End XCBuildConfiguration section */

/* Begin XCConfigurationList section */
		841664B21CD2E5FD00F73380 /* Build configuration list for PBXProject "Footprint" */ = {
			isa = XCConfigurationList;
			buildConfigurations = (
				841664C71CD2E5FD00F73380 /* Debug */,
				841664C81CD2E5FD00F73380 /* Release */,
			);
			defaultConfigurationIsVisible = 0;
			defaultConfigurationName = Release;
		};
		841664C91CD2E5FD00F73380 /* Build configuration list for PBXNativeTarget "Footprint" */ = {
			isa = XCConfigurationList;
			buildConfigurations = (
				841664CA1CD2E5FD00F73380 /* Debug */,
				841664CB1CD2E5FD00F73380 /* Release */,
			);
			defaultConfigurationIsVisible = 0;
		};
/* End XCConfigurationList section */
	};
	rootObject = 841664AF1CD2E5FD00F73380 /* Project object */;
}
